
Microsoft Visual Studio Solution File, Format Version 12.00
# Visual Studio Version 17
VisualStudioVersion = 17.14.36429.23 d17.14
MinimumVisualStudioVersion = 10.0.40219.1
Project("{FAE04EC0-301F-11D3-BF4B-00C04F79EFBC}") = "Assignment11.1", "Assignment11.1\Assignment11.1.csproj", "{CBB9CA27-779D-47B7-BF4C-F29E9BBE5DEB}"
EndProject
Global
	GlobalSection(SolutionConfigurationPlatforms) = preSolution
		Debug|Any CPU = Debug|Any CPU
		Release|Any CPU = Release|Any CPU
	EndGlobalSection
	GlobalSection(ProjectConfigurationPlatforms) = postSolution
		{CBB9CA27-779D-47B7-BF4C-F29E9BBE5DEB}.Debug|Any CPU.ActiveCfg = Debug|Any CPU
		{CBB9CA27-779D-47B7-BF4C-F29E9BBE5DEB}.Debug|Any CPU.Build.0 = Debug|Any CPU
		{CBB9CA27-779D-47B7-BF4C-F29E9BBE5DEB}.Release|Any CPU.ActiveCfg = Release|Any CPU
		{CBB9CA27-779D-47B7-BF4C-F29E9BBE5DEB}.Release|Any CPU.Build.0 = Release|Any CPU
	EndGlobalSection
	GlobalSection(SolutionProperties) = preSolution
		HideSolutionNode = FALSE
	EndGlobalSection
	GlobalSection(ExtensibilityGlobals) = postSolution
		SolutionGuid = {A360E6EC-6158-45C7-B05A-62F0E1555013}
	EndGlobalSection
EndGlobal
